// !$*UTF8*$!
{
	archiveVersion = 1;
	classes = {
	};
	objectVersion = 56;
	objects = {

/* Begin PBXBuildFile section */
		E308FFB128C98EBF009F3C20 /* TetrisGameViewModel.swift in Sources */ = {isa = PBXBuildFile; fileRef = E308FFB028C98EBF009F3C20 /* TetrisGameViewModel.swift */; };
		E308FFB428C98FCD009F3C20 /* Color.swift in Sources */ = {isa = PBXBuildFile; fileRef = E308FFB328C98FCD009F3C20 /* Color.swift */; };
		E308FFB728C99067009F3C20 /* TetrisGameView.swift in Sources */ = {isa = PBXBuildFile; fileRef = E308FFB628C99067009F3C20 /* TetrisGameView.swift */; };
		E3362C4928C985B800330383 /* TetrisApp.swift in Sources */ = {isa = PBXBuildFile; fileRef = E3362C4828C985B800330383 /* TetrisApp.swift */; };
		E3362C4B28C985B800330383 /* ContentView.swift in Sources */ = {isa = PBXBuildFile; fileRef = E3362C4A28C985B800330383 /* ContentView.swift */; };
		E3362C4D28C985B900330383 /* Assets.xcassets in Resources */ = {isa = PBXBuildFile; fileRef = E3362C4C28C985B900330383 /* Assets.xcassets */; };
		E3362C5028C985B900330383 /* Preview Assets.xcassets in Resources */ = {isa = PBXBuildFile; fileRef = E3362C4F28C985B900330383 /* Preview Assets.xcassets */; };
		E3362C5A28C985B900330383 /* TetrisTests.swift in Sources */ = {isa = PBXBuildFile; fileRef = E3362C5928C985B900330383 /* TetrisTests.swift */; };
		E3362C6428C985B900330383 /* TetrisUITests.swift in Sources */ = {isa = PBXBuildFile; fileRef = E3362C6328C985B900330383 /* TetrisUITests.swift */; };
		E3362C6628C985B900330383 /* TetrisUITestsLaunchTests.swift in Sources */ = {isa = PBXBuildFile; fileRef = E3362C6528C985B900330383 /* TetrisUITestsLaunchTests.swift */; };
		E368701D28D63ECE003EB755 /* TetrisGameModel.swift in Sources */ = {isa = PBXBuildFile; fileRef = E368701C28D63ECE003EB755 /* TetrisGameModel.swift */; };
/* End PBXBuildFile section */

/* Begin PBXContainerItemProxy section */
		E3362C5628C985B900330383 /* PBXContainerItemProxy */ = {
			isa = PBXContainerItemProxy;
			containerPortal = E3362C3D28C985B800330383 /* Project object */;
			proxyType = 1;
			remoteGlobalIDString = E3362C4428C985B800330383;
			remoteInfo = Tetris;
		};
		E3362C6028C985B900330383 /* PBXContainerItemProxy */ = {
			isa = PBXContainerItemProxy;
			containerPortal = E3362C3D28C985B800330383 /* Project object */;
			proxyType = 1;
			remoteGlobalIDString = E3362C4428C985B800330383;
			remoteInfo = Tetris;
		};
/* End PBXContainerItemProxy section */

/* Begin PBXFileReference section */
		E308FFB028C98EBF009F3C20 /* TetrisGameViewModel.swift */ = {isa = PBXFileReference; lastKnownFileType = sourcecode.swift; path = TetrisGameViewModel.swift; sourceTree = "<group>"; };
		E308FFB328C98FCD009F3C20 /* Color.swift */ = {isa = PBXFileReference; lastKnownFileType = sourcecode.swift; path = Color.swift; sourceTree = "<group>"; };
		E308FFB628C99067009F3C20 /* TetrisGameView.swift */ = {isa = PBXFileReference; lastKnownFileType = sourcecode.swift; path = TetrisGameView.swift; sourceTree = "<group>"; };
		E3362C4528C985B800330383 /* Tetris.app */ = {isa = PBXFileReference; explicitFileType = wrapper.application; includeInIndex = 0; path = Tetris.app; sourceTree = BUILT_PRODUCTS_DIR; };
		E3362C4828C985B800330383 /* TetrisApp.swift */ = {isa = PBXFileReference; lastKnownFileType = sourcecode.swift; path = TetrisApp.swift; sourceTree = "<group>"; };
		E3362C4A28C985B800330383 /* ContentView.swift */ = {isa = PBXFileReference; lastKnownFileType = sourcecode.swift; path = ContentView.swift; sourceTree = "<group>"; };
		E3362C4C28C985B900330383 /* Assets.xcassets */ = {isa = PBXFileReference; lastKnownFileType = folder.assetcatalog; path = Assets.xcassets; sourceTree = "<group>"; };
		E3362C4F28C985B900330383 /* Preview Assets.xcassets */ = {isa = PBXFileReference; lastKnownFileType = folder.assetcatalog; path = "Preview Assets.xcassets"; sourceTree = "<group>"; };
		E3362C5528C985B900330383 /* TetrisTests.xctest */ = {isa = PBXFileReference; explicitFileType = wrapper.cfbundle; includeInIndex = 0; path = TetrisTests.xctest; sourceTree = BUILT_PRODUCTS_DIR; };
		E3362C5928C985B900330383 /* TetrisTests.swift */ = {isa = PBXFileReference; lastKnownFileType = sourcecode.swift; path = TetrisTests.swift; sourceTree = "<group>"; };
		E3362C5F28C985B900330383 /* TetrisUITests.xctest */ = {isa = PBXFileReference; explicitFileType = wrapper.cfbundle; includeInIndex = 0; path = TetrisUITests.xctest; sourceTree = BUILT_PRODUCTS_DIR; };
		E3362C6328C985B900330383 /* TetrisUITests.swift */ = {isa = PBXFileReference; lastKnownFileType = sourcecode.swift; path = TetrisUITests.swift; sourceTree = "<group>"; };
		E3362C6528C985B900330383 /* TetrisUITestsLaunchTests.swift */ = {isa = PBXFileReference; lastKnownFileType = sourcecode.swift; path = TetrisUITestsLaunchTests.swift; sourceTree = "<group>"; };
		E368701C28D63ECE003EB755 /* TetrisGameModel.swift */ = {isa = PBXFileReference; lastKnownFileType = sourcecode.swift; path = TetrisGameModel.swift; sourceTree = "<group>"; };
/* End PBXFileReference section */

/* Begin PBXFrameworksBuildPhase section */
		E3362C4228C985B800330383 /* Frameworks */ = {
			isa = PBXFrameworksBuildPhase;
			buildActionMask = 2147483647;
			files = (
			);
			runOnlyForDeploymentPostprocessing = 0;
		};
		E3362C5228C985B900330383 /* Frameworks */ = {
			isa = PBXFrameworksBuildPhase;
			buildActionMask = 2147483647;
			files = (
			);
			runOnlyForDeploymentPostprocessing = 0;
		};
		E3362C5C28C985B900330383 /* Frameworks */ = {
			isa = PBXFrameworksBuildPhase;
			buildActionMask = 2147483647;
			files = (
			);
			runOnlyForDeploymentPostprocessing = 0;
		};
/* End PBXFrameworksBuildPhase section */

/* Begin PBXGroup section */
		E308FFAF28C98EA9009F3C20 /* ViewModel */ = {
			isa = PBXGroup;
			children = (
				E308FFB028C98EBF009F3C20 /* TetrisGameViewModel.swift */,
			);
			path = ViewModel;
			sourceTree = "<group>";
		};
		E308FFB228C98FC3009F3C20 /* Extension */ = {
			isa = PBXGroup;
			children = (
				E308FFB328C98FCD009F3C20 /* Color.swift */,
			);
			path = Extension;
			sourceTree = "<group>";
		};
		E3362C3C28C985B800330383 = {
			isa = PBXGroup;
			children = (
				E3362C4728C985B800330383 /* Tetris */,
				E3362C5828C985B900330383 /* TetrisTests */,
				E3362C6228C985B900330383 /* TetrisUITests */,
				E3362C4628C985B800330383 /* Products */,
			);
			sourceTree = "<group>";
		};
		E3362C4628C985B800330383 /* Products */ = {
			isa = PBXGroup;
			children = (
				E3362C4528C985B800330383 /* Tetris.app */,
				E3362C5528C985B900330383 /* TetrisTests.xctest */,
				E3362C5F28C985B900330383 /* TetrisUITests.xctest */,
			);
			name = Products;
			sourceTree = "<group>";
		};
		E3362C4728C985B800330383 /* Tetris */ = {
			isa = PBXGroup;
			children = (
				E368701B28D63EB3003EB755 /* Model */,
				E377C05328CAC1AA00CB704C /* View */,
				E308FFB228C98FC3009F3C20 /* Extension */,
				E308FFAF28C98EA9009F3C20 /* ViewModel */,
				E3362C4828C985B800330383 /* TetrisApp.swift */,
				E3362C4A28C985B800330383 /* ContentView.swift */,
				E3362C4C28C985B900330383 /* Assets.xcassets */,
				E3362C4E28C985B900330383 /* Preview Content */,
			);
			path = Tetris;
			sourceTree = "<group>";
		};
		E3362C4E28C985B900330383 /* Preview Content */ = {
			isa = PBXGroup;
			children = (
				E3362C4F28C985B900330383 /* Preview Assets.xcassets */,
			);
			path = "Preview Content";
			sourceTree = "<group>";
		};
		E3362C5828C985B900330383 /* TetrisTests */ = {
			isa = PBXGroup;
			children = (
				E3362C5928C985B900330383 /* TetrisTests.swift */,
			);
			path = TetrisTests;
			sourceTree = "<group>";
		};
		E3362C6228C985B900330383 /* TetrisUITests */ = {
			isa = PBXGroup;
			children = (
				E3362C6328C985B900330383 /* TetrisUITests.swift */,
				E3362C6528C985B900330383 /* TetrisUITestsLaunchTests.swift */,
			);
			path = TetrisUITests;
			sourceTree = "<group>";
		};
		E368701B28D63EB3003EB755 /* Model */ = {
			isa = PBXGroup;
			children = (
				E368701C28D63ECE003EB755 /* TetrisGameModel.swift */,
			);
			path = Model;
			sourceTree = "<group>";
		};
		E377C05328CAC1AA00CB704C /* View */ = {
			isa = PBXGroup;
			children = (
				E308FFB628C99067009F3C20 /* TetrisGameView.swift */,
			);
			path = View;
			sourceTree = "<group>";
		};
/* End PBXGroup section */

/* Begin PBXNativeTarget section */
		E3362C4428C985B800330383 /* Tetris */ = {
			isa = PBXNativeTarget;
			buildConfigurationList = E3362C6928C985B900330383 /* Build configuration list for PBXNativeTarget "Tetris" */;
			buildPhases = (
				E3362C4128C985B800330383 /* Sources */,
				E3362C4228C985B800330383 /* Frameworks */,
				E3362C4328C985B800330383 /* Resources */,
			);
			buildRules = (
			);
			dependencies = (
			);
			name = Tetris;
			productName = Tetris;
			productReference = E3362C4528C985B800330383 /* Tetris.app */;
			productType = "com.apple.product-type.application";
		};
		E3362C5428C985B900330383 /* TetrisTests */ = {
			isa = PBXNativeTarget;
			buildConfigurationList = E3362C6C28C985B900330383 /* Build configuration list for PBXNativeTarget "TetrisTests" */;
			buildPhases = (
				E3362C5128C985B900330383 /* Sources */,
				E3362C5228C985B900330383 /* Frameworks */,
				E3362C5328C985B900330383 /* Resources */,
			);
			buildRules = (
			);
			dependencies = (
				E3362C5728C985B900330383 /* PBXTargetDependency */,
			);
			name = TetrisTests;
			productName = TetrisTests;
			productReference = E3362C5528C985B900330383 /* TetrisTests.xctest */;
			productType = "com.apple.product-type.bundle.unit-test";
		};
		E3362C5E28C985B900330383 /* TetrisUITests */ = {
			isa = PBXNativeTarget;
			buildConfigurationList = E3362C6F28C985B900330383 /* Build configuration list for PBXNativeTarget "TetrisUITests" */;
			buildPhases = (
				E3362C5B28C985B900330383 /* Sources */,
				E3362C5C28C985B900330383 /* Frameworks */,
				E3362C5D28C985B900330383 /* Resources */,
			);
			buildRules = (
			);
			dependencies = (
				E3362C6128C985B900330383 /* PBXTargetDependency */,
			);
			name = TetrisUITests;
			productName = TetrisUITests;
			productReference = E3362C5F28C985B900330383 /* TetrisUITests.xctest */;
			productType = "com.apple.product-type.bundle.ui-testing";
		};
/* End PBXNativeTarget section */

/* Begin PBXProject section */
		E3362C3D28C985B800330383 /* Project object */ = {
			isa = PBXProject;
			attributes = {
				BuildIndependentTargetsInParallel = 1;
				LastSwiftUpdateCheck = 1400;
				LastUpgradeCheck = 1400;
				TargetAttributes = {
					E3362C4428C985B800330383 = {
						CreatedOnToolsVersion = 14.0;
					};
					E3362C5428C985B900330383 = {
						CreatedOnToolsVersion = 14.0;
						TestTargetID = E3362C4428C985B800330383;
					};
					E3362C5E28C985B900330383 = {
						CreatedOnToolsVersion = 14.0;
						TestTargetID = E3362C4428C985B800330383;
					};
				};
			};
			buildConfigurationList = E3362C4028C985B800330383 /* Build configuration list for PBXProject "Tetris" */;
			compatibilityVersion = "Xcode 14.0";
			developmentRegion = en;
			hasScannedForEncodings = 0;
			knownRegions = (
				en,
				Base,
			);
			mainGroup = E3362C3C28C985B800330383;
			productRefGroup = E3362C4628C985B800330383 /* Products */;
			projectDirPath = "";
			projectRoot = "";
			targets = (
				E3362C4428C985B800330383 /* Tetris */,
				E3362C5428C985B900330383 /* TetrisTests */,
				E3362C5E28C985B900330383 /* TetrisUITests */,
			);
		};
/* End PBXProject section */

/* Begin PBXResourcesBuildPhase section */
		E3362C4328C985B800330383 /* Resources */ = {
			isa = PBXResourcesBuildPhase;
			buildActionMask = 2147483647;
			files = (
				E3362C5028C985B900330383 /* Preview Assets.xcassets in Resources */,
				E3362C4D28C985B900330383 /* Assets.xcassets in Resources */,
			);
			runOnlyForDeploymentPostprocessing = 0;
		};
		E3362C5328C985B900330383 /* Resources */ = {
			isa = PBXResourcesBuildPhase;
			buildActionMask = 2147483647;
			files = (
			);
			runOnlyForDeploymentPostprocessing = 0;
		};
		E3362C5D28C985B900330383 /* Resources */ = {
			isa = PBXResourcesBuildPhase;
			buildActionMask = 2147483647;
			files = (
			);
			runOnlyForDeploymentPostprocessing = 0;
		};
/* End PBXResourcesBuildPhase section */

/* Begin PBXSourcesBuildPhase section */
		E3362C4128C985B800330383 /* Sources */ = {
			isa = PBXSourcesBuildPhase;
			buildActionMask = 2147483647;
			files = (
				E3362C4B28C985B800330383 /* ContentView.swift in Sources */,
				E308FFB728C99067009F3C20 /* TetrisGameView.swift in Sources */,
				E368701D28D63ECE003EB755 /* TetrisGameModel.swift in Sources */,
				E308FFB428C98FCD009F3C20 /* Color.swift in Sources */,
				E3362C4928C985B800330383 /* TetrisApp.swift in Sources */,
				E308FFB128C98EBF009F3C20 /* TetrisGameViewModel.swift in Sources */,
			);
			runOnlyForDeploymentPostprocessing = 0;
		};
		E3362C5128C985B900330383 /* Sources */ = {
			isa = PBXSourcesBuildPhase;
			buildActionMask = 2147483647;
			files = (
				E3362C5A28C985B900330383 /* TetrisTests.swift in Sources */,
			);
			runOnlyForDeploymentPostprocessing = 0;
		};
		E3362C5B28C985B900330383 /* Sources */ = {
			isa = PBXSourcesBuildPhase;
			buildActionMask = 2147483647;
			files = (
				E3362C6428C985B900330383 /* TetrisUITests.swift in Sources */,
				E3362C6628C985B900330383 /* TetrisUITestsLaunchTests.swift in Sources */,
			);
			runOnlyForDeploymentPostprocessing = 0;
		};
/* End PBXSourcesBuildPhase section */

/* Begin PBXTargetDependency section */
		E3362C5728C985B900330383 /* PBXTargetDependency */ = {
			isa = PBXTargetDependency;
			target = E3362C4428C985B800330383 /* Tetris */;
			targetProxy = E3362C5628C985B900330383 /* PBXContainerItemProxy */;
		};
		E3362C6128C985B900330383 /* PBXTargetDependency */ = {
			isa = PBXTargetDependency;
			target = E3362C4428C985B800330383 /* Tetris */;
			targetProxy = E3362C6028C985B900330383 /* PBXContainerItemProxy */;
		};
/* End PBXTargetDependency section */

/* Begin XCBuildConfiguration section */
		E3362C6728C985B900330383 /* Debug */ = {
			isa = XCBuildConfiguration;
			buildSettings = {
				ALWAYS_SEARCH_USER_PATHS = NO;
				CLANG_ANALYZER_NONNULL = YES;
				CLANG_ANALYZER_NUMBER_OBJECT_CONVERSION = YES_AGGRESSIVE;
				CLANG_CXX_LANGUAGE_STANDARD = "gnu++20";
				CLANG_ENABLE_MODULES = YES;
				CLANG_ENABLE_OBJC_ARC = YES;
				CLANG_ENABLE_OBJC_WEAK = YES;
				CLANG_WARN_BLOCK_CAPTURE_AUTORELEASING = YES;
				CLANG_WARN_BOOL_CONVERSION = YES;
				CLANG_WARN_COMMA = YES;
				CLANG_WARN_CONSTANT_CONVERSION = YES;
				CLANG_WARN_DEPRECATED_OBJC_IMPLEMENTATIONS = YES;
				CLANG_WARN_DIRECT_OBJC_ISA_USAGE = YES_ERROR;
				CLANG_WARN_DOCUMENTATION_COMMENTS = YES;
				CLANG_WARN_EMPTY_BODY = YES;
				CLANG_WARN_ENUM_CONVERSION = YES;
				CLANG_WARN_INFINITE_RECURSION = YES;
				CLANG_WARN_INT_CONVERSION = YES;
				CLANG_WARN_NON_LITERAL_NULL_CONVERSION = YES;
				CLANG_WARN_OBJC_IMPLICIT_RETAIN_SELF = YES;
				CLANG_WARN_OBJC_LITERAL_CONVERSION = YES;
				CLANG_WARN_OBJC_ROOT_CLASS = YES_ERROR;
				CLANG_WARN_QUOTED_INCLUDE_IN_FRAMEWORK_HEADER = YES;
				CLANG_WARN_RANGE_LOOP_ANALYSIS = YES;
				CLANG_WARN_STRICT_PROTOTYPES = YES;
				CLANG_WARN_SUSPICIOUS_MOVE = YES;
				CLANG_WARN_UNGUARDED_AVAILABILITY = YES_AGGRESSIVE;
				CLANG_WARN_UNREACHABLE_CODE = YES;
				CLANG_WARN__DUPLICATE_METHOD_MATCH = YES;
				COPY_PHASE_STRIP = NO;
				DEBUG_INFORMATION_FORMAT = dwarf;
				ENABLE_STRICT_OBJC_MSGSEND = YES;
				ENABLE_TESTABILITY = YES;
				GCC_C_LANGUAGE_STANDARD = gnu11;
				GCC_DYNAMIC_NO_PIC = NO;
				GCC_NO_COMMON_BLOCKS = YES;
				GCC_OPTIMIZATION_LEVEL = 0;
				GCC_PREPROCESSOR_DEFINITIONS = (
					"DEBUG=1",
					"$(inherited)",
				);
				GCC_WARN_64_TO_32_BIT_CONVERSION = YES;
				GCC_WARN_ABOUT_RETURN_TYPE = YES_ERROR;
				GCC_WARN_UNDECLARED_SELECTOR = YES;
				GCC_WARN_UNINITIALIZED_AUTOS = YES_AGGRESSIVE;
				GCC_WARN_UNUSED_FUNCTION = YES;
				GCC_WARN_UNUSED_VARIABLE = YES;
				IPHONEOS_DEPLOYMENT_TARGET = 16.0;
				MTL_ENABLE_DEBUG_INFO = INCLUDE_SOURCE;
				MTL_FAST_MATH = YES;
				ONLY_ACTIVE_ARCH = YES;
				SDKROOT = iphoneos;
				SWIFT_ACTIVE_COMPILATION_CONDITIONS = DEBUG;
				SWIFT_OPTIMIZATION_LEVEL = "-Onone";
			};
			name = Debug;
		};
		E3362C6828C985B900330383 /* Release */ = {
			isa = XCBuildConfiguration;
			buildSettings = {
				ALWAYS_SEARCH_USER_PATHS = NO;
				CLANG_ANALYZER_NONNULL = YES;
				CLANG_ANALYZER_NUMBER_OBJECT_CONVERSION = YES_AGGRESSIVE;
				CLANG_CXX_LANGUAGE_STANDARD = "gnu++20";
				CLANG_ENABLE_MODULES = YES;
				CLANG_ENABLE_OBJC_ARC = YES;
				CLANG_ENABLE_OBJC_WEAK = YES;
				CLANG_WARN_BLOCK_CAPTURE_AUTORELEASING = YES;
				CLANG_WARN_BOOL_CONVERSION = YES;
				CLANG_WARN_COMMA = YES;
				CLANG_WARN_CONSTANT_CONVERSION = YES;
				CLANG_WARN_DEPRECATED_OBJC_IMPLEMENTATIONS = YES;
				CLANG_WARN_DIRECT_OBJC_ISA_USAGE = YES_ERROR;
				CLANG_WARN_DOCUMENTATION_COMMENTS = YES;
				CLANG_WARN_EMPTY_BODY = YES;
				CLANG_WARN_ENUM_CONVERSION = YES;
				CLANG_WARN_INFINITE_RECURSION = YES;
				CLANG_WARN_INT_CONVERSION = YES;
				CLANG_WARN_NON_LITERAL_NULL_CONVERSION = YES;
				CLANG_WARN_OBJC_IMPLICIT_RETAIN_SELF = YES;
				CLANG_WARN_OBJC_LITERAL_CONVERSION = YES;
				CLANG_WARN_OBJC_ROOT_CLASS = YES_ERROR;
				CLANG_WARN_QUOTED_INCLUDE_IN_FRAMEWORK_HEADER = YES;
				CLANG_WARN_RANGE_LOOP_ANALYSIS = YES;
				CLANG_WARN_STRICT_PROTOTYPES = YES;
				CLANG_WARN_SUSPICIOUS_MOVE = YES;
				CLANG_WARN_UNGUARDED_AVAILABILITY = YES_AGGRESSIVE;
				CLANG_WARN_UNREACHABLE_CODE = YES;
				CLANG_WARN__DUPLICATE_METHOD_MATCH = YES;
				COPY_PHASE_STRIP = NO;
				DEBUG_INFORMATION_FORMAT = "dwarf-with-dsym";
				ENABLE_NS_ASSERTIONS = NO;
				ENABLE_STRICT_OBJC_MSGSEND = YES;
				GCC_C_LANGUAGE_STANDARD = gnu11;
				GCC_NO_COMMON_BLOCKS = YES;
				GCC_WARN_64_TO_32_BIT_CONVERSION = YES;
				GCC_WARN_ABOUT_RETURN_TYPE = YES_ERROR;
				GCC_WARN_UNDECLARED_SELECTOR = YES;
				GCC_WARN_UNINITIALIZED_AUTOS = YES_AGGRESSIVE;
				GCC_WARN_UNUSED_FUNCTION = YES;
				GCC_WARN_UNUSED_VARIABLE = YES;
				IPHONEOS_DEPLOYMENT_TARGET = 16.0;
				MTL_ENABLE_DEBUG_INFO = NO;
				MTL_FAST_MATH = YES;
				SDKROOT = iphoneos;
				SWIFT_COMPILATION_MODE = wholemodule;
				SWIFT_OPTIMIZATION_LEVEL = "-O";
				VALIDATE_PRODUCT = YES;
			};
			name = Release;
		};
		E3362C6A28C985B900330383 /* Debug */ = {
			isa = XCBuildConfiguration;
			buildSettings = {
				ASSETCATALOG_COMPILER_APPICON_NAME = AppIcon;
				ASSETCATALOG_COMPILER_GLOBAL_ACCENT_COLOR_NAME = AccentColor;
				CODE_SIGN_STYLE = Automatic;
				CURRENT_PROJECT_VERSION = 1;
				DEVELOPMENT_ASSET_PATHS = "\"Tetris/Preview Content\"";
				DEVELOPMENT_TEAM = RFQY6T2L4D;
				ENABLE_PREVIEWS = YES;
				GENERATE_INFOPLIST_FILE = YES;
				INFOPLIST_KEY_UIApplicationSceneManifest_Generation = YES;
				INFOPLIST_KEY_UIApplicationSupportsIndirectInputEvents = YES;
				INFOPLIST_KEY_UILaunchScreen_Generation = YES;
				INFOPLIST_KEY_UISupportedInterfaceOrientations_iPad = "UIInterfaceOrientationPortrait UIInterfaceOrientationPortraitUpsideDown UIInterfaceOrientationLandscapeLeft UIInterfaceOrientationLandscapeRight";
				INFOPLIST_KEY_UISupportedInterfaceOrientations_iPhone = "UIInterfaceOrientationPortrait UIInterfaceOrientationLandscapeLeft UIInterfaceOrientationLandscapeRight";
				LD_RUNPATH_SEARCH_PATHS = (
					"$(inherited)",
					"@executable_path/Frameworks",
				);
				MARKETING_VERSION = 1.0;
				PRODUCT_BUNDLE_IDENTIFIER = xyz.liwtec.Tetris;
				PRODUCT_NAME = "$(TARGET_NAME)";
				SWIFT_EMIT_LOC_STRINGS = YES;
				SWIFT_VERSION = 5.0;
				TARGETED_DEVICE_FAMILY = "1,2";
			};
			name = Debug;
		};
		E3362C6B28C985B900330383 /* Release */ = {
			isa = XCBuildConfiguration;
			buildSettings = {
				ASSETCATALOG_COMPILER_APPICON_NAME = AppIcon;
				ASSETCATALOG_COMPILER_GLOBAL_ACCENT_COLOR_NAME = AccentColor;
				CODE_SIGN_STYLE = Automatic;
				CURRENT_PROJECT_VERSION = 1;
				DEVELOPMENT_ASSET_PATHS = "\"Tetris/Preview Content\"";
				DEVELOPMENT_TEAM = RFQY6T2L4D;
				ENABLE_PREVIEWS = YES;
				GENERATE_INFOPLIST_FILE = YES;
				INFOPLIST_KEY_UIApplicationSceneManifest_Generation = YES;
				INFOPLIST_KEY_UIApplicationSupportsIndirectInputEvents = YES;
				INFOPLIST_KEY_UILaunchScreen_Generation = YES;
				INFOPLIST_KEY_UISupportedInterfaceOrientations_iPad = "UIInterfaceOrientationPortrait UIInterfaceOrientationPortraitUpsideDown UIInterfaceOrientationLandscapeLeft UIInterfaceOrientationLandscapeRight";
				INFOPLIST_KEY_UISupportedInterfaceOrientations_iPhone = "UIInterfaceOrientationPortrait UIInterfaceOrientationLandscapeLeft UIInterfaceOrientationLandscapeRight";
				LD_RUNPATH_SEARCH_PATHS = (
					"$(inherited)",
					"@executable_path/Frameworks",
				);
				MARKETING_VERSION = 1.0;
				PRODUCT_BUNDLE_IDENTIFIER = xyz.liwtec.Tetris;
				PRODUCT_NAME = "$(TARGET_NAME)";
				SWIFT_EMIT_LOC_STRINGS = YES;
				SWIFT_VERSION = 5.0;
				TARGETED_DEVICE_FAMILY = "1,2";
			};
			name = Release;
		};
		E3362C6D28C985B900330383 /* Debug */ = {
			isa = XCBuildConfiguration;
			buildSettings = {
				ALWAYS_EMBED_SWIFT_STANDARD_LIBRARIES = YES;
				BUNDLE_LOADER = "$(TEST_HOST)";
				CODE_SIGN_STYLE = Automatic;
				CURRENT_PROJECT_VERSION = 1;
				DEVELOPMENT_TEAM = RFQY6T2L4D;
				GENERATE_INFOPLIST_FILE = YES;
				IPHONEOS_DEPLOYMENT_TARGET = 16.0;
				MARKETING_VERSION = 1.0;
				PRODUCT_BUNDLE_IDENTIFIER = xyz.liwtec.TetrisTests;
				PRODUCT_NAME = "$(TARGET_NAME)";
				SWIFT_EMIT_LOC_STRINGS = NO;
				SWIFT_VERSION = 5.0;
				TARGETED_DEVICE_FAMILY = "1,2";
				TEST_HOST = "$(BUILT_PRODUCTS_DIR)/Tetris.app/$(BUNDLE_EXECUTABLE_FOLDER_PATH)/Tetris";
			};
			name = Debug;
		};
		E3362C6E28C985B900330383 /* Release */ = {
			isa = XCBuildConfiguration;
			buildSettings = {
				ALWAYS_EMBED_SWIFT_STANDARD_LIBRARIES = YES;
				BUNDLE_LOADER = "$(TEST_HOST)";
				CODE_SIGN_STYLE = Automatic;
				CURRENT_PROJECT_VERSION = 1;
				DEVELOPMENT_TEAM = RFQY6T2L4D;
				GENERATE_INFOPLIST_FILE = YES;
				IPHONEOS_DEPLOYMENT_TARGET = 16.0;
				MARKETING_VERSION = 1.0;
				PRODUCT_BUNDLE_IDENTIFIER = xyz.liwtec.TetrisTests;
				PRODUCT_NAME = "$(TARGET_NAME)";
				SWIFT_EMIT_LOC_STRINGS = NO;
				SWIFT_VERSION = 5.0;
				TARGETED_DEVICE_FAMILY = "1,2";
				TEST_HOST = "$(BUILT_PRODUCTS_DIR)/Tetris.app/$(BUNDLE_EXECUTABLE_FOLDER_PATH)/Tetris";
			};
			name = Release;
		};
		E3362C7028C985B900330383 /* Debug */ = {
			isa = XCBuildConfiguration;
			buildSettings = {
				ALWAYS_EMBED_SWIFT_STANDARD_LIBRARIES = YES;
				CODE_SIGN_STYLE = Automatic;
				CURRENT_PROJECT_VERSION = 1;
				DEVELOPMENT_TEAM = RFQY6T2L4D;
				GENERATE_INFOPLIST_FILE = YES;
				MARKETING_VERSION = 1.0;
				PRODUCT_BUNDLE_IDENTIFIER = xyz.liwtec.TetrisUITests;
				PRODUCT_NAME = "$(TARGET_NAME)";
				SWIFT_EMIT_LOC_STRINGS = NO;
				SWIFT_VERSION = 5.0;
				TARGETED_DEVICE_FAMILY = "1,2";
				TEST_TARGET_NAME = Tetris;
			};
			name = Debug;
		};
		E3362C7128C985B900330383 /* Release */ = {
			isa = XCBuildConfiguration;
			buildSettings = {
				ALWAYS_EMBED_SWIFT_STANDARD_LIBRARIES = YES;
				CODE_SIGN_STYLE = Automatic;
				CURRENT_PROJECT_VERSION = 1;
				DEVELOPMENT_TEAM = RFQY6T2L4D;
				GENERATE_INFOPLIST_FILE = YES;
				MARKETING_VERSION = 1.0;
				PRODUCT_BUNDLE_IDENTIFIER = xyz.liwtec.TetrisUITests;
				PRODUCT_NAME = "$(TARGET_NAME)";
				SWIFT_EMIT_LOC_STRINGS = NO;
				SWIFT_VERSION = 5.0;
				TARGETED_DEVICE_FAMILY = "1,2";
				TEST_TARGET_NAME = Tetris;
			};
			name = Release;
		};
/* End XCBuildConfiguration section */

/* Begin XCConfigurationList section */
		E3362C4028C985B800330383 /* Build configuration list for PBXProject "Tetris" */ = {
			isa = XCConfigurationList;
			buildConfigurations = (
				E3362C6728C985B900330383 /* Debug */,
				E3362C6828C985B900330383 /* Release */,
			);
			defaultConfigurationIsVisible = 0;
			defaultConfigurationName = Release;
		};
		E3362C6928C985B900330383 /* Build configuration list for PBXNativeTarget "Tetris" */ = {
			isa = XCConfigurationList;
			buildConfigurations = (
				E3362C6A28C985B900330383 /* Debug */,
				E3362C6B28C985B900330383 /* Release */,
			);
			defaultConfigurationIsVisible = 0;
			defaultConfigurationName = Release;
		};
		E3362C6C28C985B900330383 /* Build configuration list for PBXNativeTarget "TetrisTests" */ = {
			isa = XCConfigurationList;
			buildConfigurations = (
				E3362C6D28C985B900330383 /* Debug */,
				E3362C6E28C985B900330383 /* Release */,
			);
			defaultConfigurationIsVisible = 0;
			defaultConfigurationName = Release;
		};
		E3362C6F28C985B900330383 /* Build configuration list for PBXNativeTarget "TetrisUITests" */ = {
			isa = XCConfigurationList;
			buildConfigurations = (
				E3362C7028C985B900330383 /* Debug */,
				E3362C7128C985B900330383 /* Release */,
			);
			defaultConfigurationIsVisible = 0;
			defaultConfigurationName = Release;
		};
/* End XCConfigurationList section */
	};
	rootObject = E3362C3D28C985B800330383 /* Project object */;
}
